
Microsoft Visual Studio Solution File, Format Version 12.00
# Visual Studio 15
Project("{FAE04EC0-301F-11D3-BF4B-00C04F79EFBC}") = "Monopoly_SELMI_TRAN_DINH", "Monopoly_SELMI_TRAN_DINH\Monopoly_SELMI_TRAN_DINH.csproj", "{41F2E4E4-8A17-40A2-8830-20C7156244BD}"
EndProject
Global
	GlobalSection(SolutionConfigurationPlatforms) = preSolution
		Debug|Any CPU = Debug|Any CPU
		Release|Any CPU = Release|Any CPU
	EndGlobalSection
	GlobalSection(ProjectConfigurationPlatforms) = postSolution
		{41F2E4E4-8A17-40A2-8830-20C7156244BD}.Debug|Any CPU.ActiveCfg = Debug|Any CPU
		{41F2E4E4-8A17-40A2-8830-20C7156244BD}.Debug|Any CPU.Build.0 = Debug|Any CPU
		{41F2E4E4-8A17-40A2-8830-20C7156244BD}.Release|Any CPU.ActiveCfg = Release|Any CPU
		{41F2E4E4-8A17-40A2-8830-20C7156244BD}.Release|Any CPU.Build.0 = Release|Any CPU
	EndGlobalSection
EndGlobal
